
Microsoft Visual Studio Solution File, Format Version 12.00
# Visual Studio Version 17
VisualStudioVersion = 17.3.32901.215
MinimumVisualStudioVersion = 10.0.40219.1
Project("{FAE04EC0-301F-11D3-BF4B-00C04F79EFBC}") = "TensorFlow.CognitiveNavigation", "TensorFlow.CognitiveNavigation\TensorFlow.CognitiveNavigation.csproj", "{6FE86584-F0C4-4AC9-AA14-6121B3372C82}"
EndProject
Global
	GlobalSection(SolutionConfigurationPlatforms) = preSolution
		Debug|Any CPU = Debug|Any CPU
		Release|Any CPU = Release|Any CPU
	EndGlobalSection
	GlobalSection(ProjectConfigurationPlatforms) = postSolution
		{6FE86584-F0C4-4AC9-AA14-6121B3372C82}.Debug|Any CPU.ActiveCfg = Debug|Any CPU
		{6FE86584-F0C4-4AC9-AA14-6121B3372C82}.Debug|Any CPU.Build.0 = Debug|Any CPU
		{6FE86584-F0C4-4AC9-AA14-6121B3372C82}.Release|Any CPU.ActiveCfg = Release|Any CPU
		{6FE86584-F0C4-4AC9-AA14-6121B3372C82}.Release|Any CPU.Build.0 = Release|Any CPU
	EndGlobalSection
	GlobalSection(SolutionProperties) = preSolution
		HideSolutionNode = FALSE
	EndGlobalSection
	GlobalSection(ExtensibilityGlobals) = postSolution
		SolutionGuid = {BD2C470E-8629-4C9D-A3FA-1595729E1968}
	EndGlobalSection
EndGlobal
